schema: '2.0'
stages:
  preprocess:
    cmd: python3 scripts/preprocess_data.py
    deps:
    - path: data/raw
      hash: md5
      md5: acdc45acb9c6aba3d1d9ccc0f06c33df.dir
      size: 848866626
      nfiles: 25000
    - path: scripts/preprocess_data.py
      hash: md5
      md5: 5eb56bd4b8ea95ff259639b694347b7d
      size: 666
    - path: src/data/preprocess.py
      hash: md5
      md5: 0f0cfaf279c0db373073e667dbe8ebbf
      size: 2345
    outs:
    - path: data/processed
      hash: md5
      md5: 7c842277e3911f2f604356027f3c093f.dir
      size: 521750603
      nfiles: 24998
  train:
    cmd: python3 scripts/train_model.py --epochs 1 --batch-size 8 
      --max-train-samples 256 --max-eval-samples 64
    deps:
    - path: data/processed
      hash: md5
      md5: 7c842277e3911f2f604356027f3c093f.dir
      size: 521750603
      nfiles: 24998
    - path: scripts/train_model.py
      hash: md5
      md5: e68f7379728481cf950b1b8eecd1861b
      size: 463
    - path: src/models/model.py
      hash: md5
      md5: 59fa926d71d9bf13d4b67819098da7ac
      size: 848
    - path: src/models/train.py
      hash: md5
      md5: 070a6fdb4aa6836086c4320e7c5f5ff7
      size: 7242
    outs:
    - path: artifacts/models/best_model.pt
      hash: md5
      md5: 25a57d26b077746dafc8488927b40a26
      size: 25790178
    - path: artifacts/models/latest_model.pt
      hash: md5
      md5: 36ed35e58fe2f016a0a8b60f159cb574
      size: 25790206
    - path: artifacts/plots/accuracy_curve.png
      hash: md5
      md5: 15501176a7dd3f9d12ecbb53f5a9fe1d
      size: 17709
    - path: artifacts/plots/confusion_matrix.png
      hash: md5
      md5: 99797f3b3d7ae312b9991fa953eb0584
      size: 14850
    - path: artifacts/plots/loss_curve.png
      hash: md5
      md5: 6990b7c141a20abcc44dd41060ac01f9
      size: 17828
